// !$*UTF8*$!
{
	archiveVersion = 1;
	classes = {
	};
	objectVersion = 56;
	objects = {

/* Begin PBXBuildFile section */
		6AAA68EA2A80CB3700AFB7FD /* AppDelegate.swift in Sources */ = {isa = PBXBuildFile; fileRef = 6AAA68E92A80CB3700AFB7FD /* AppDelegate.swift */; };
		6AAA68EC2A80CB3700AFB7FD /* SceneDelegate.swift in Sources */ = {isa = PBXBuildFile; fileRef = 6AAA68EB2A80CB3700AFB7FD /* SceneDelegate.swift */; };
		6AAA68EE2A80CB3700AFB7FD /* ViewController.swift in Sources */ = {isa = PBXBuildFile; fileRef = 6AAA68ED2A80CB3700AFB7FD /* ViewController.swift */; };
		6AAA68F12A80CB3700AFB7FD /* Main.storyboard in Resources */ = {isa = PBXBuildFile; fileRef = 6AAA68EF2A80CB3700AFB7FD /* Main.storyboard */; };
		6AAA68F32A80CB3900AFB7FD /* Assets.xcassets in Resources */ = {isa = PBXBuildFile; fileRef = 6AAA68F22A80CB3900AFB7FD /* Assets.xcassets */; };
		6AAA68F62A80CB3900AFB7FD /* LaunchScreen.storyboard in Resources */ = {isa = PBXBuildFile; fileRef = 6AAA68F42A80CB3900AFB7FD /* LaunchScreen.storyboard */; };
		AE94302EF3B0BC1DACC3B76D /* Pods_RouteDemo.framework in Frameworks */ = {isa = PBXBuildFile; fileRef = 3F256CFD8B9DA30ED99B2779 /* Pods_RouteDemo.framework */; };
/* End PBXBuildFile section */

/* Begin PBXFileReference section */
		3F256CFD8B9DA30ED99B2779 /* Pods_RouteDemo.framework */ = {isa = PBXFileReference; explicitFileType = wrapper.framework; includeInIndex = 0; path = Pods_RouteDemo.framework; sourceTree = BUILT_PRODUCTS_DIR; };
		6AAA68E62A80CB3700AFB7FD /* RouteDemo.app */ = {isa = PBXFileReference; explicitFileType = wrapper.application; includeInIndex = 0; path = RouteDemo.app; sourceTree = BUILT_PRODUCTS_DIR; };
		6AAA68E92A80CB3700AFB7FD /* AppDelegate.swift */ = {isa = PBXFileReference; lastKnownFileType = sourcecode.swift; path = AppDelegate.swift; sourceTree = "<group>"; };
		6AAA68EB2A80CB3700AFB7FD /* SceneDelegate.swift */ = {isa = PBXFileReference; lastKnownFileType = sourcecode.swift; path = SceneDelegate.swift; sourceTree = "<group>"; };
		6AAA68ED2A80CB3700AFB7FD /* ViewController.swift */ = {isa = PBXFileReference; lastKnownFileType = sourcecode.swift; path = ViewController.swift; sourceTree = "<group>"; };
		6AAA68F02A80CB3700AFB7FD /* Base */ = {isa = PBXFileReference; lastKnownFileType = file.storyboard; name = Base; path = Base.lproj/Main.storyboard; sourceTree = "<group>"; };
		6AAA68F22A80CB3900AFB7FD /* Assets.xcassets */ = {isa = PBXFileReference; lastKnownFileType = folder.assetcatalog; path = Assets.xcassets; sourceTree = "<group>"; };
		6AAA68F52A80CB3900AFB7FD /* Base */ = {isa = PBXFileReference; lastKnownFileType = file.storyboard; name = Base; path = Base.lproj/LaunchScreen.storyboard; sourceTree = "<group>"; };
		6AAA68F72A80CB3900AFB7FD /* Info.plist */ = {isa = PBXFileReference; lastKnownFileType = text.plist.xml; path = Info.plist; sourceTree = "<group>"; };
		D63E0678FFB060122EF311DA /* Pods-RouteDemo.release.xcconfig */ = {isa = PBXFileReference; includeInIndex = 1; lastKnownFileType = text.xcconfig; name = "Pods-RouteDemo.release.xcconfig"; path = "Target Support Files/Pods-RouteDemo/Pods-RouteDemo.release.xcconfig"; sourceTree = "<group>"; };
		F0FBEA1925605C009C00AD9A /* Pods-RouteDemo.debug.xcconfig */ = {isa = PBXFileReference; includeInIndex = 1; lastKnownFileType = text.xcconfig; name = "Pods-RouteDemo.debug.xcconfig"; path = "Target Support Files/Pods-RouteDemo/Pods-RouteDemo.debug.xcconfig"; sourceTree = "<group>"; };
/* End PBXFileReference section */

/* Begin PBXFrameworksBuildPhase section */
		6AAA68E32A80CB3700AFB7FD /* Frameworks */ = {
			isa = PBXFrameworksBuildPhase;
			buildActionMask = 2147483647;
			files = (
				AE94302EF3B0BC1DACC3B76D /* Pods_RouteDemo.framework in Frameworks */,
			);
			runOnlyForDeploymentPostprocessing = 0;
		};
/* End PBXFrameworksBuildPhase section */

/* Begin PBXGroup section */
		0659AB35FBD3D659F25F2266 /* Frameworks */ = {
			isa = PBXGroup;
			children = (
				3F256CFD8B9DA30ED99B2779 /* Pods_RouteDemo.framework */,
			);
			name = Frameworks;
			sourceTree = "<group>";
		};
		56815ABBBC08555AE03783EB /* Pods */ = {
			isa = PBXGroup;
			children = (
				F0FBEA1925605C009C00AD9A /* Pods-RouteDemo.debug.xcconfig */,
				D63E0678FFB060122EF311DA /* Pods-RouteDemo.release.xcconfig */,
			);
			path = Pods;
			sourceTree = "<group>";
		};
		6AAA68DD2A80CB3700AFB7FD = {
			isa = PBXGroup;
			children = (
				6AAA68E82A80CB3700AFB7FD /* RouteDemo */,
				6AAA68E72A80CB3700AFB7FD /* Products */,
				56815ABBBC08555AE03783EB /* Pods */,
				0659AB35FBD3D659F25F2266 /* Frameworks */,
			);
			sourceTree = "<group>";
		};
		6AAA68E72A80CB3700AFB7FD /* Products */ = {
			isa = PBXGroup;
			children = (
				6AAA68E62A80CB3700AFB7FD /* RouteDemo.app */,
			);
			name = Products;
			sourceTree = "<group>";
		};
		6AAA68E82A80CB3700AFB7FD /* RouteDemo */ = {
			isa = PBXGroup;
			children = (
				6AAA68E92A80CB3700AFB7FD /* AppDelegate.swift */,
				6AAA68EB2A80CB3700AFB7FD /* SceneDelegate.swift */,
				6AAA68ED2A80CB3700AFB7FD /* ViewController.swift */,
				6AAA68EF2A80CB3700AFB7FD /* Main.storyboard */,
				6AAA68F22A80CB3900AFB7FD /* Assets.xcassets */,
				6AAA68F42A80CB3900AFB7FD /* LaunchScreen.storyboard */,
				6AAA68F72A80CB3900AFB7FD /* Info.plist */,
			);
			path = RouteDemo;
			sourceTree = "<group>";
		};
/* End PBXGroup section */

/* Begin PBXNativeTarget section */
		6AAA68E52A80CB3700AFB7FD /* RouteDemo */ = {
			isa = PBXNativeTarget;
			buildConfigurationList = 6AAA68FA2A80CB3900AFB7FD /* Build configuration list for PBXNativeTarget "RouteDemo" */;
			buildPhases = (
				6E4BDEFCC668A08283CEF299 /* [CP] Check Pods Manifest.lock */,
				6AAA68E22A80CB3700AFB7FD /* Sources */,
				6AAA68E32A80CB3700AFB7FD /* Frameworks */,
				6AAA68E42A80CB3700AFB7FD /* Resources */,
				A9E1726A13CF95C466A5C098 /* [CP] Copy Pods Resources */,
				6ACA34902A8A050C00916DF8 /* Lint */,
			);
			buildRules = (
			);
			dependencies = (
			);
			name = RouteDemo;
			productName = RouteDemo;
			productReference = 6AAA68E62A80CB3700AFB7FD /* RouteDemo.app */;
			productType = "com.apple.product-type.application";
		};
/* End PBXNativeTarget section */

/* Begin PBXProject section */
		6AAA68DE2A80CB3700AFB7FD /* Project object */ = {
			isa = PBXProject;
			attributes = {
				BuildIndependentTargetsInParallel = 1;
				LastSwiftUpdateCheck = 1430;
				LastUpgradeCheck = 1430;
				TargetAttributes = {
					6AAA68E52A80CB3700AFB7FD = {
						CreatedOnToolsVersion = 14.3.1;
					};
				};
			};
			buildConfigurationList = 6AAA68E12A80CB3700AFB7FD /* Build configuration list for PBXProject "RouteDemo" */;
			compatibilityVersion = "Xcode 14.0";
			developmentRegion = en;
			hasScannedForEncodings = 0;
			knownRegions = (
				en,
				Base,
			);
			mainGroup = 6AAA68DD2A80CB3700AFB7FD;
			productRefGroup = 6AAA68E72A80CB3700AFB7FD /* Products */;
			projectDirPath = "";
			projectRoot = "";
			targets = (
				6AAA68E52A80CB3700AFB7FD /* RouteDemo */,
			);
		};
/* End PBXProject section */

/* Begin PBXResourcesBuildPhase section */
		6AAA68E42A80CB3700AFB7FD /* Resources */ = {
			isa = PBXResourcesBuildPhase;
			buildActionMask = 2147483647;
			files = (
				6AAA68F62A80CB3900AFB7FD /* LaunchScreen.storyboard in Resources */,
				6AAA68F32A80CB3900AFB7FD /* Assets.xcassets in Resources */,
				6AAA68F12A80CB3700AFB7FD /* Main.storyboard in Resources */,
			);
			runOnlyForDeploymentPostprocessing = 0;
		};
/* End PBXResourcesBuildPhase section */

/* Begin PBXShellScriptBuildPhase section */
		6ACA34902A8A050C00916DF8 /* Lint */ = {
			isa = PBXShellScriptBuildPhase;
			buildActionMask = 2147483647;
			files = (
			);
			inputFileListPaths = (
			);
			inputPaths = (
			);
			name = Lint;
			outputFileListPaths = (
			);
			outputPaths = (
			);
			runOnlyForDeploymentPostprocessing = 0;
			shellPath = /bin/sh;
			shellScript = "# Type a script or drag a script file from your workspace to insert its path.\nif which \"${PODS_ROOT}/SwiftLint/swiftlint\" >/dev/null; then\n  \"${PODS_ROOT}/SwiftLint/swiftlint\"\nelse\n  echo \"warning: SwiftLint not installed, download from https://github.com/realm/SwiftLint\"\nfi\n";
		};
		6E4BDEFCC668A08283CEF299 /* [CP] Check Pods Manifest.lock */ = {
			isa = PBXShellScriptBuildPhase;
			buildActionMask = 2147483647;
			files = (
			);
			inputFileListPaths = (
			);
			inputPaths = (
				"${PODS_PODFILE_DIR_PATH}/Podfile.lock",
				"${PODS_ROOT}/Manifest.lock",
			);
			name = "[CP] Check Pods Manifest.lock";
			outputFileListPaths = (
			);
			outputPaths = (
				"$(DERIVED_FILE_DIR)/Pods-RouteDemo-checkManifestLockResult.txt",
			);
			runOnlyForDeploymentPostprocessing = 0;
			shellPath = /bin/sh;
			shellScript = "diff \"${PODS_PODFILE_DIR_PATH}/Podfile.lock\" \"${PODS_ROOT}/Manifest.lock\" > /dev/null\nif [ $? != 0 ] ; then\n    # print error to STDERR\n    echo \"error: The sandbox is not in sync with the Podfile.lock. Run 'pod install' or update your CocoaPods installation.\" >&2\n    exit 1\nfi\n# This output is used by Xcode 'outputs' to avoid re-running this script phase.\necho \"SUCCESS\" > \"${SCRIPT_OUTPUT_FILE_0}\"\n";
			showEnvVarsInLog = 0;
		};
		A9E1726A13CF95C466A5C098 /* [CP] Copy Pods Resources */ = {
			isa = PBXShellScriptBuildPhase;
			buildActionMask = 2147483647;
			files = (
			);
			inputFileListPaths = (
				"${PODS_ROOT}/Target Support Files/Pods-RouteDemo/Pods-RouteDemo-resources-${CONFIGURATION}-input-files.xcfilelist",
			);
			name = "[CP] Copy Pods Resources";
			outputFileListPaths = (
				"${PODS_ROOT}/Target Support Files/Pods-RouteDemo/Pods-RouteDemo-resources-${CONFIGURATION}-output-files.xcfilelist",
			);
			runOnlyForDeploymentPostprocessing = 0;
			shellPath = /bin/sh;
			shellScript = "\"${PODS_ROOT}/Target Support Files/Pods-RouteDemo/Pods-RouteDemo-resources.sh\"\n";
			showEnvVarsInLog = 0;
		};
/* End PBXShellScriptBuildPhase section */

/* Begin PBXSourcesBuildPhase section */
		6AAA68E22A80CB3700AFB7FD /* Sources */ = {
			isa = PBXSourcesBuildPhase;
			buildActionMask = 2147483647;
			files = (
				6AAA68EE2A80CB3700AFB7FD /* ViewController.swift in Sources */,
				6AAA68EA2A80CB3700AFB7FD /* AppDelegate.swift in Sources */,
				6AAA68EC2A80CB3700AFB7FD /* SceneDelegate.swift in Sources */,
			);
			runOnlyForDeploymentPostprocessing = 0;
		};
/* End PBXSourcesBuildPhase section */

/* Begin PBXVariantGroup section */
		6AAA68EF2A80CB3700AFB7FD /* Main.storyboard */ = {
			isa = PBXVariantGroup;
			children = (
				6AAA68F02A80CB3700AFB7FD /* Base */,
			);
			name = Main.storyboard;
			sourceTree = "<group>";
		};
		6AAA68F42A80CB3900AFB7FD /* LaunchScreen.storyboard */ = {
			isa = PBXVariantGroup;
			children = (
				6AAA68F52A80CB3900AFB7FD /* Base */,
			);
			name = LaunchScreen.storyboard;
			sourceTree = "<group>";
		};
/* End PBXVariantGroup section */

/* Begin XCBuildConfiguration section */
		6AAA68F82A80CB3900AFB7FD /* Debug */ = {
			isa = XCBuildConfiguration;
			buildSettings = {
				ALWAYS_SEARCH_USER_PATHS = NO;
				CLANG_ANALYZER_NONNULL = YES;
				CLANG_ANALYZER_NUMBER_OBJECT_CONVERSION = YES_AGGRESSIVE;
				CLANG_CXX_LANGUAGE_STANDARD = "gnu++20";
				CLANG_ENABLE_MODULES = YES;
				CLANG_ENABLE_OBJC_ARC = YES;
				CLANG_ENABLE_OBJC_WEAK = YES;
				CLANG_WARN_BLOCK_CAPTURE_AUTORELEASING = YES;
				CLANG_WARN_BOOL_CONVERSION = YES;
				CLANG_WARN_COMMA = YES;
				CLANG_WARN_CONSTANT_CONVERSION = YES;
				CLANG_WARN_DEPRECATED_OBJC_IMPLEMENTATIONS = YES;
				CLANG_WARN_DIRECT_OBJC_ISA_USAGE = YES_ERROR;
				CLANG_WARN_DOCUMENTATION_COMMENTS = YES;
				CLANG_WARN_EMPTY_BODY = YES;
				CLANG_WARN_ENUM_CONVERSION = YES;
				CLANG_WARN_INFINITE_RECURSION = YES;
				CLANG_WARN_INT_CONVERSION = YES;
				CLANG_WARN_NON_LITERAL_NULL_CONVERSION = YES;
				CLANG_WARN_OBJC_IMPLICIT_RETAIN_SELF = YES;
				CLANG_WARN_OBJC_LITERAL_CONVERSION = YES;
				CLANG_WARN_OBJC_ROOT_CLASS = YES_ERROR;
				CLANG_WARN_QUOTED_INCLUDE_IN_FRAMEWORK_HEADER = YES;
				CLANG_WARN_RANGE_LOOP_ANALYSIS = YES;
				CLANG_WARN_STRICT_PROTOTYPES = YES;
				CLANG_WARN_SUSPICIOUS_MOVE = YES;
				CLANG_WARN_UNGUARDED_AVAILABILITY = YES_AGGRESSIVE;
				CLANG_WARN_UNREACHABLE_CODE = YES;
				CLANG_WARN__DUPLICATE_METHOD_MATCH = YES;
				COPY_PHASE_STRIP = NO;
				DEBUG_INFORMATION_FORMAT = dwarf;
				ENABLE_STRICT_OBJC_MSGSEND = YES;
				ENABLE_TESTABILITY = YES;
				GCC_C_LANGUAGE_STANDARD = gnu11;
				GCC_DYNAMIC_NO_PIC = NO;
				GCC_NO_COMMON_BLOCKS = YES;
				GCC_OPTIMIZATION_LEVEL = 0;
				GCC_PREPROCESSOR_DEFINITIONS = (
					"DEBUG=1",
					"$(inherited)",
				);
				GCC_WARN_64_TO_32_BIT_CONVERSION = YES;
				GCC_WARN_ABOUT_RETURN_TYPE = YES_ERROR;
				GCC_WARN_UNDECLARED_SELECTOR = YES;
				GCC_WARN_UNINITIALIZED_AUTOS = YES_AGGRESSIVE;
				GCC_WARN_UNUSED_FUNCTION = YES;
				GCC_WARN_UNUSED_VARIABLE = YES;
				IPHONEOS_DEPLOYMENT_TARGET = 16.4;
				MTL_ENABLE_DEBUG_INFO = INCLUDE_SOURCE;
				MTL_FAST_MATH = YES;
				ONLY_ACTIVE_ARCH = YES;
				SDKROOT = iphoneos;
				SWIFT_ACTIVE_COMPILATION_CONDITIONS = DEBUG;
				SWIFT_OPTIMIZATION_LEVEL = "-Onone";
			};
			name = Debug;
		};
		6AAA68F92A80CB3900AFB7FD /* Release */ = {
			isa = XCBuildConfiguration;
			buildSettings = {
				ALWAYS_SEARCH_USER_PATHS = NO;
				CLANG_ANALYZER_NONNULL = YES;
				CLANG_ANALYZER_NUMBER_OBJECT_CONVERSION = YES_AGGRESSIVE;
				CLANG_CXX_LANGUAGE_STANDARD = "gnu++20";
				CLANG_ENABLE_MODULES = YES;
				CLANG_ENABLE_OBJC_ARC = YES;
				CLANG_ENABLE_OBJC_WEAK = YES;
				CLANG_WARN_BLOCK_CAPTURE_AUTORELEASING = YES;
				CLANG_WARN_BOOL_CONVERSION = YES;
				CLANG_WARN_COMMA = YES;
				CLANG_WARN_CONSTANT_CONVERSION = YES;
				CLANG_WARN_DEPRECATED_OBJC_IMPLEMENTATIONS = YES;
				CLANG_WARN_DIRECT_OBJC_ISA_USAGE = YES_ERROR;
				CLANG_WARN_DOCUMENTATION_COMMENTS = YES;
				CLANG_WARN_EMPTY_BODY = YES;
				CLANG_WARN_ENUM_CONVERSION = YES;
				CLANG_WARN_INFINITE_RECURSION = YES;
				CLANG_WARN_INT_CONVERSION = YES;
				CLANG_WARN_NON_LITERAL_NULL_CONVERSION = YES;
				CLANG_WARN_OBJC_IMPLICIT_RETAIN_SELF = YES;
				CLANG_WARN_OBJC_LITERAL_CONVERSION = YES;
				CLANG_WARN_OBJC_ROOT_CLASS = YES_ERROR;
				CLANG_WARN_QUOTED_INCLUDE_IN_FRAMEWORK_HEADER = YES;
				CLANG_WARN_RANGE_LOOP_ANALYSIS = YES;
				CLANG_WARN_STRICT_PROTOTYPES = YES;
				CLANG_WARN_SUSPICIOUS_MOVE = YES;
				CLANG_WARN_UNGUARDED_AVAILABILITY = YES_AGGRESSIVE;
				CLANG_WARN_UNREACHABLE_CODE = YES;
				CLANG_WARN__DUPLICATE_METHOD_MATCH = YES;
				COPY_PHASE_STRIP = NO;
				DEBUG_INFORMATION_FORMAT = "dwarf-with-dsym";
				ENABLE_NS_ASSERTIONS = NO;
				ENABLE_STRICT_OBJC_MSGSEND = YES;
				GCC_C_LANGUAGE_STANDARD = gnu11;
				GCC_NO_COMMON_BLOCKS = YES;
				GCC_WARN_64_TO_32_BIT_CONVERSION = YES;
				GCC_WARN_ABOUT_RETURN_TYPE = YES_ERROR;
				GCC_WARN_UNDECLARED_SELECTOR = YES;
				GCC_WARN_UNINITIALIZED_AUTOS = YES_AGGRESSIVE;
				GCC_WARN_UNUSED_FUNCTION = YES;
				GCC_WARN_UNUSED_VARIABLE = YES;
				IPHONEOS_DEPLOYMENT_TARGET = 16.4;
				MTL_ENABLE_DEBUG_INFO = NO;
				MTL_FAST_MATH = YES;
				SDKROOT = iphoneos;
				SWIFT_COMPILATION_MODE = wholemodule;
				SWIFT_OPTIMIZATION_LEVEL = "-O";
				VALIDATE_PRODUCT = YES;
			};
			name = Release;
		};
		6AAA68FB2A80CB3900AFB7FD /* Debug */ = {
			isa = XCBuildConfiguration;
			baseConfigurationReference = F0FBEA1925605C009C00AD9A /* Pods-RouteDemo.debug.xcconfig */;
			buildSettings = {
				ASSETCATALOG_COMPILER_APPICON_NAME = AppIcon;
				ASSETCATALOG_COMPILER_GLOBAL_ACCENT_COLOR_NAME = AccentColor;
				CODE_SIGN_STYLE = Automatic;
				CURRENT_PROJECT_VERSION = 1;
				GENERATE_INFOPLIST_FILE = YES;
				INFOPLIST_FILE = RouteDemo/Info.plist;
				INFOPLIST_KEY_UIApplicationSupportsIndirectInputEvents = YES;
				INFOPLIST_KEY_UILaunchStoryboardName = LaunchScreen;
				INFOPLIST_KEY_UIMainStoryboardFile = Main;
				INFOPLIST_KEY_UISupportedInterfaceOrientations_iPad = "UIInterfaceOrientationPortrait UIInterfaceOrientationPortraitUpsideDown UIInterfaceOrientationLandscapeLeft UIInterfaceOrientationLandscapeRight";
				INFOPLIST_KEY_UISupportedInterfaceOrientations_iPhone = "UIInterfaceOrientationPortrait UIInterfaceOrientationLandscapeLeft UIInterfaceOrientationLandscapeRight";
				LD_RUNPATH_SEARCH_PATHS = (
					"$(inherited)",
					"@executable_path/Frameworks",
				);
				MARKETING_VERSION = 1.0;
				PRODUCT_BUNDLE_IDENTIFIER = com.mm.RouteDemo;
				PRODUCT_NAME = "$(TARGET_NAME)";
				SWIFT_EMIT_LOC_STRINGS = YES;
				SWIFT_VERSION = 5.0;
				TARGETED_DEVICE_FAMILY = "1,2";
			};
			name = Debug;
		};
		6AAA68FC2A80CB3900AFB7FD /* Release */ = {
			isa = XCBuildConfiguration;
			baseConfigurationReference = D63E0678FFB060122EF311DA /* Pods-RouteDemo.release.xcconfig */;
			buildSettings = {
				ASSETCATALOG_COMPILER_APPICON_NAME = AppIcon;
				ASSETCATALOG_COMPILER_GLOBAL_ACCENT_COLOR_NAME = AccentColor;
				CODE_SIGN_STYLE = Automatic;
				CURRENT_PROJECT_VERSION = 1;
				GENERATE_INFOPLIST_FILE = YES;
				INFOPLIST_FILE = RouteDemo/Info.plist;
				INFOPLIST_KEY_UIApplicationSupportsIndirectInputEvents = YES;
				INFOPLIST_KEY_UILaunchStoryboardName = LaunchScreen;
				INFOPLIST_KEY_UIMainStoryboardFile = Main;
				INFOPLIST_KEY_UISupportedInterfaceOrientations_iPad = "UIInterfaceOrientationPortrait UIInterfaceOrientationPortraitUpsideDown UIInterfaceOrientationLandscapeLeft UIInterfaceOrientationLandscapeRight";
				INFOPLIST_KEY_UISupportedInterfaceOrientations_iPhone = "UIInterfaceOrientationPortrait UIInterfaceOrientationLandscapeLeft UIInterfaceOrientationLandscapeRight";
				LD_RUNPATH_SEARCH_PATHS = (
					"$(inherited)",
					"@executable_path/Frameworks",
				);
				MARKETING_VERSION = 1.0;
				PRODUCT_BUNDLE_IDENTIFIER = com.mm.RouteDemo;
				PRODUCT_NAME = "$(TARGET_NAME)";
				SWIFT_EMIT_LOC_STRINGS = YES;
				SWIFT_VERSION = 5.0;
				TARGETED_DEVICE_FAMILY = "1,2";
			};
			name = Release;
		};
/* End XCBuildConfiguration section */

/* Begin XCConfigurationList section */
		6AAA68E12A80CB3700AFB7FD /* Build configuration list for PBXProject "RouteDemo" */ = {
			isa = XCConfigurationList;
			buildConfigurations = (
				6AAA68F82A80CB3900AFB7FD /* Debug */,
				6AAA68F92A80CB3900AFB7FD /* Release */,
			);
			defaultConfigurationIsVisible = 0;
			defaultConfigurationName = Release;
		};
		6AAA68FA2A80CB3900AFB7FD /* Build configuration list for PBXNativeTarget "RouteDemo" */ = {
			isa = XCConfigurationList;
			buildConfigurations = (
				6AAA68FB2A80CB3900AFB7FD /* Debug */,
				6AAA68FC2A80CB3900AFB7FD /* Release */,
			);
			defaultConfigurationIsVisible = 0;
			defaultConfigurationName = Release;
		};
/* End XCConfigurationList section */
	};
	rootObject = 6AAA68DE2A80CB3700AFB7FD /* Project object */;
}
